
Microsoft Visual Studio Solution File, Format Version 12.00
# Visual Studio 2012
Project("{FAE04EC0-301F-11D3-BF4B-00C04F79EFBC}") = "Algo_Chiffre", "Algo_Chiffre\Algo_Chiffre.csproj", "{5B011B80-E6D3-4964-9368-9A8EDA485804}"
EndProject
Global
	GlobalSection(SolutionConfigurationPlatforms) = preSolution
		Debug|Any CPU = Debug|Any CPU
		Release|Any CPU = Release|Any CPU
	EndGlobalSection
	GlobalSection(ProjectConfigurationPlatforms) = postSolution
		{5B011B80-E6D3-4964-9368-9A8EDA485804}.Debug|Any CPU.ActiveCfg = Debug|Any CPU
		{5B011B80-E6D3-4964-9368-9A8EDA485804}.Debug|Any CPU.Build.0 = Debug|Any CPU
		{5B011B80-E6D3-4964-9368-9A8EDA485804}.Release|Any CPU.ActiveCfg = Release|Any CPU
		{5B011B80-E6D3-4964-9368-9A8EDA485804}.Release|Any CPU.Build.0 = Release|Any CPU
	EndGlobalSection
	GlobalSection(SolutionProperties) = preSolution
		HideSolutionNode = FALSE
	EndGlobalSection
EndGlobal
